Microsoft Visual Studio Solution File, Format Version 12.00
# Visual Studio 2012
Project("{FAE04EC0-301F-11D3-BF4B-00C04F79EFBC}") = "The Rise of Mike Hawke", "The Rise of Mike Hawke.csproj", "{2D4AA6FA-062A-42B9-9967-1EACE4D3C813}"
EndProject
Global
	GlobalSection(SolutionConfigurationPlatforms) = preSolution
	Debug|Any CPU = Debug|Any CPU
	Release|Any CPU = Release|Any CPU
	Tools|Any CPU = Tools|Any CPU
	EndGlobalSection
	GlobalSection(ProjectConfigurationPlatforms) = postSolution
		{2D4AA6FA-062A-42B9-9967-1EACE4D3C813}.Debug|Any CPU.ActiveCfg = Debug|Any CPU
		{2D4AA6FA-062A-42B9-9967-1EACE4D3C813}.Debug|Any CPU.Build.0 = Debug|Any CPU
		{2D4AA6FA-062A-42B9-9967-1EACE4D3C813}.Release|Any CPU.ActiveCfg = Release|Any CPU
		{2D4AA6FA-062A-42B9-9967-1EACE4D3C813}.Release|Any CPU.Build.0 = Release|Any CPU
		{2D4AA6FA-062A-42B9-9967-1EACE4D3C813}.Tools|Any CPU.ActiveCfg = Tools|Any CPU
		{2D4AA6FA-062A-42B9-9967-1EACE4D3C813}.Tools|Any CPU.Build.0 = Tools|Any CPU
	EndGlobalSection
EndGlobal
